
Microsoft Visual Studio Solution File, Format Version 12.00
# Visual Studio Version 17
VisualStudioVersion = 17.6.33712.159
MinimumVisualStudioVersion = 10.0.40219.1
Project("{FAE04EC0-301F-11D3-BF4B-00C04F79EFBC}") = "AspCoreMVCDemo", "AspCoreMVCDemo\AspCoreMVCDemo.csproj", "{6A6036DA-ECEB-4FB8-AAEF-FD951452CF8B}"
EndProject
Project("{FAE04EC0-301F-11D3-BF4B-00C04F79EFBC}") = "AspCoreMVCDemo.Core", "AspCoreMVCDemo.Core\AspCoreMVCDemo.Core.csproj", "{B00783B7-0706-4781-889B-71D1E0C15090}"
EndProject
Project("{FAE04EC0-301F-11D3-BF4B-00C04F79EFBC}") = "AspCoreMVCDemo.DataAccess", "AspCoreMVCDemo.DataAccess\AspCoreMVCDemo.DataAccess.csproj", "{5257BA7F-D5D8-4EC7-A0EF-C63FD37F1357}"
EndProject
Global
	GlobalSection(SolutionConfigurationPlatforms) = preSolution
		Debug|Any CPU = Debug|Any CPU
		Release|Any CPU = Release|Any CPU
	EndGlobalSection
	GlobalSection(ProjectConfigurationPlatforms) = postSolution
		{6A6036DA-ECEB-4FB8-AAEF-FD951452CF8B}.Debug|Any CPU.ActiveCfg = Debug|Any CPU
		{6A6036DA-ECEB-4FB8-AAEF-FD951452CF8B}.Debug|Any CPU.Build.0 = Debug|Any CPU
		{6A6036DA-ECEB-4FB8-AAEF-FD951452CF8B}.Release|Any CPU.ActiveCfg = Release|Any CPU
		{6A6036DA-ECEB-4FB8-AAEF-FD951452CF8B}.Release|Any CPU.Build.0 = Release|Any CPU
		{B00783B7-0706-4781-889B-71D1E0C15090}.Debug|Any CPU.ActiveCfg = Debug|Any CPU
		{B00783B7-0706-4781-889B-71D1E0C15090}.Debug|Any CPU.Build.0 = Debug|Any CPU
		{B00783B7-0706-4781-889B-71D1E0C15090}.Release|Any CPU.ActiveCfg = Release|Any CPU
		{B00783B7-0706-4781-889B-71D1E0C15090}.Release|Any CPU.Build.0 = Release|Any CPU
		{5257BA7F-D5D8-4EC7-A0EF-C63FD37F1357}.Debug|Any CPU.ActiveCfg = Debug|Any CPU
		{5257BA7F-D5D8-4EC7-A0EF-C63FD37F1357}.Debug|Any CPU.Build.0 = Debug|Any CPU
		{5257BA7F-D5D8-4EC7-A0EF-C63FD37F1357}.Release|Any CPU.ActiveCfg = Release|Any CPU
		{5257BA7F-D5D8-4EC7-A0EF-C63FD37F1357}.Release|Any CPU.Build.0 = Release|Any CPU
	EndGlobalSection
	GlobalSection(SolutionProperties) = preSolution
		HideSolutionNode = FALSE
	EndGlobalSection
	GlobalSection(ExtensibilityGlobals) = postSolution
		SolutionGuid = {DA7A6D8B-248B-40A5-8773-56B77C656E26}
	EndGlobalSection
EndGlobal
